{
  "version": 4,
  "terraform_version": "0.13.3",
  "serial": 1,
  "lineage": "c819fccb-020e-ff8b-fa37-3d9256f6798c",
  "outputs": {},
  "resources": [
    {
      "module": "module.bucket",
      "mode": "data",
      "type": "terraform_remote_state",
      "name": "account",
      "provider": "provider[\"terraform.io/builtin/terraform\"]",
      "instances": [
        {
          "schema_version": 0,
          "attributes": {
            "backend": "local",
            "config": {
              "value": {
                "path": "/home/hultaj/dday/tf_dday_org/states/accounts/dev/terraform.tfstate"
              },
              "type": [
                "object",
                {
                  "path": "string"
                }
              ]
            },
            "defaults": null,
            "outputs": {
              "value": {
                "id": "616796640995"
              },
              "type": [
                "object",
                {
                  "id": "string"
                }
              ]
            },
            "workspace": null
          }
        }
      ]
    },
    {
      "module": "module.bucket",
      "mode": "managed",
      "type": "aws_s3_bucket",
      "name": "b",
      "provider": "module.bucket.provider[\"registry.terraform.io/hashicorp/aws\"]",
      "instances": [
        {
          "schema_version": 0,
          "attributes": {
            "acceleration_status": "",
            "acl": "private",
            "arn": "arn:aws:s3:::pz-dday-dev",
            "bucket": "pz-dday-dev",
            "bucket_domain_name": "pz-dday-dev.s3.amazonaws.com",
            "bucket_prefix": null,
            "bucket_regional_domain_name": "pz-dday-dev.s3.eu-west-1.amazonaws.com",
            "cors_rule": [],
            "force_destroy": false,
            "grant": [],
            "hosted_zone_id": "Z1BKCTXD74EZPE",
            "id": "pz-dday-dev",
            "lifecycle_rule": [],
            "logging": [],
            "object_lock_configuration": [],
            "policy": null,
            "region": "eu-west-1",
            "replication_configuration": [],
            "request_payer": "BucketOwner",
            "server_side_encryption_configuration": [],
            "tags": {
              "Environment": "dev"
            },
            "versioning": [
              {
                "enabled": false,
                "mfa_delete": false
              }
            ],
            "website": [],
            "website_domain": null,
            "website_endpoint": null
          },
          "private": "bnVsbA==",
          "dependencies": [
            "module.bucket.data.terraform_remote_state.account"
          ]
        }
      ]
    }
  ]
}
